
Microsoft Visual Studio Solution File, Format Version 12.00
# Visual Studio Version 18
VisualStudioVersion = 18.0.11018.127
MinimumVisualStudioVersion = 10.0.40219.1
Project("{2150E333-8FDC-42A3-9474-1A3956D46DE8}") = "src", "src", "{681FE6B0-3CFB-41D1-B06C-DF8FDFFA04D7}"
EndProject
Project("{2150E333-8FDC-42A3-9474-1A3956D46DE8}") = "SoluitionItems", "SoluitionItems", "{3C9FAD2D-E747-4E6A-BE9E-E78B3CB75EB8}"
	ProjectSection(SolutionItems) = preProject
		README.md = README.md
	EndProjectSection
EndProject
Project("{2150E333-8FDC-42A3-9474-1A3956D46DE8}") = "proposalService", "proposalService", "{C42D3DAA-AC63-44A6-8028-5F2045F7CBFA}"
EndProject
Project("{2150E333-8FDC-42A3-9474-1A3956D46DE8}") = "src", "src", "{B596DFAF-736C-4E15-B2D9-986B4509C94E}"
EndProject
Project("{2150E333-8FDC-42A3-9474-1A3956D46DE8}") = "test", "test", "{68E647D1-91C5-4FFD-B64B-C4B10DF80ED0}"
EndProject
Project("{2150E333-8FDC-42A3-9474-1A3956D46DE8}") = "hiringService", "hiringService", "{AEE828AF-4C7D-4C68-99F0-F160E328E9FB}"
EndProject
Project("{2150E333-8FDC-42A3-9474-1A3956D46DE8}") = "src", "src", "{D2026032-8A7D-4494-B5AE-BCB6CE805E94}"
EndProject
Project("{2150E333-8FDC-42A3-9474-1A3956D46DE8}") = "test", "test", "{06588617-42B1-423A-AB3B-1F0D4D81CC7B}"
EndProject
Project("{2150E333-8FDC-42A3-9474-1A3956D46DE8}") = "notificationService", "notificationService", "{8D7C7569-119B-49B8-A88E-E85691663D69}"
EndProject
Project("{2150E333-8FDC-42A3-9474-1A3956D46DE8}") = "src", "src", "{AED790CE-EEE8-4FA9-9542-0BF608FDAA8A}"
EndProject
Project("{2150E333-8FDC-42A3-9474-1A3956D46DE8}") = "test", "test", "{A2B4C49C-269C-439E-B9D2-937B71EB6432}"
EndProject
Project("{2150E333-8FDC-42A3-9474-1A3956D46DE8}") = "1. Host", "1. Host", "{531C2277-8AFD-4B40-8066-EDF920BF9CCB}"
EndProject
Project("{2150E333-8FDC-42A3-9474-1A3956D46DE8}") = "2. Core", "2. Core", "{74DFE3B3-8DC9-4DA2-9F13-4A409E88040E}"
EndProject
Project("{2150E333-8FDC-42A3-9474-1A3956D46DE8}") = "3. Infrastructure", "3. Infrastructure", "{FEE3A115-6B7D-4407-809A-32C885A759CD}"
EndProject
Project("{FAE04EC0-301F-11D3-BF4B-00C04F79EFBC}") = "ProposalService.Api", "src\proposalService\src\ProposalService.Api\ProposalService.Api.csproj", "{7E1DA58B-83A2-44B3-970C-7E38FEB82D8C}"
EndProject
Project("{FAE04EC0-301F-11D3-BF4B-00C04F79EFBC}") = "ProposalService.Domain", "src\proposalService\src\ProposalService.Domain\ProposalService.Domain.csproj", "{AC9D4AA0-1BE2-4B75-8B9E-0C672C0C39D3}"
EndProject
Project("{FAE04EC0-301F-11D3-BF4B-00C04F79EFBC}") = "ProposalService.Application", "src\proposalService\src\ProposalService.Application\ProposalService.Application.csproj", "{B2E92DAA-5E4C-4DE8-B4DC-FB900C652C1C}"
EndProject
Project("{FAE04EC0-301F-11D3-BF4B-00C04F79EFBC}") = "ProposalService.Infrastructure", "src\proposalService\src\ProposalService.Infrastructure\ProposalService.Infrastructure.csproj", "{C865D799-B2CA-440D-94FE-4B9548D02787}"
EndProject
Project("{2150E333-8FDC-42A3-9474-1A3956D46DE8}") = "shared", "shared", "{3088C972-4D16-4AE6-A3F0-483AE3F28C72}"
EndProject
Project("{FAE04EC0-301F-11D3-BF4B-00C04F79EFBC}") = "Insurence.Platform.Common", "src\shared\Insurence.Platform.Common\Insurence.Platform.Common.csproj", "{5A315E24-40FD-403C-9A0A-28E072F2208B}"
EndProject
Global
	GlobalSection(SolutionConfigurationPlatforms) = preSolution
		Debug|Any CPU = Debug|Any CPU
		Release|Any CPU = Release|Any CPU
	EndGlobalSection
	GlobalSection(ProjectConfigurationPlatforms) = postSolution
		{7E1DA58B-83A2-44B3-970C-7E38FEB82D8C}.Debug|Any CPU.ActiveCfg = Debug|Any CPU
		{7E1DA58B-83A2-44B3-970C-7E38FEB82D8C}.Debug|Any CPU.Build.0 = Debug|Any CPU
		{7E1DA58B-83A2-44B3-970C-7E38FEB82D8C}.Release|Any CPU.ActiveCfg = Release|Any CPU
		{7E1DA58B-83A2-44B3-970C-7E38FEB82D8C}.Release|Any CPU.Build.0 = Release|Any CPU
		{AC9D4AA0-1BE2-4B75-8B9E-0C672C0C39D3}.Debug|Any CPU.ActiveCfg = Debug|Any CPU
		{AC9D4AA0-1BE2-4B75-8B9E-0C672C0C39D3}.Debug|Any CPU.Build.0 = Debug|Any CPU
		{AC9D4AA0-1BE2-4B75-8B9E-0C672C0C39D3}.Release|Any CPU.ActiveCfg = Release|Any CPU
		{AC9D4AA0-1BE2-4B75-8B9E-0C672C0C39D3}.Release|Any CPU.Build.0 = Release|Any CPU
		{B2E92DAA-5E4C-4DE8-B4DC-FB900C652C1C}.Debug|Any CPU.ActiveCfg = Debug|Any CPU
		{B2E92DAA-5E4C-4DE8-B4DC-FB900C652C1C}.Debug|Any CPU.Build.0 = Debug|Any CPU
		{B2E92DAA-5E4C-4DE8-B4DC-FB900C652C1C}.Release|Any CPU.ActiveCfg = Release|Any CPU
		{B2E92DAA-5E4C-4DE8-B4DC-FB900C652C1C}.Release|Any CPU.Build.0 = Release|Any CPU
		{C865D799-B2CA-440D-94FE-4B9548D02787}.Debug|Any CPU.ActiveCfg = Debug|Any CPU
		{C865D799-B2CA-440D-94FE-4B9548D02787}.Debug|Any CPU.Build.0 = Debug|Any CPU
		{C865D799-B2CA-440D-94FE-4B9548D02787}.Release|Any CPU.ActiveCfg = Release|Any CPU
		{C865D799-B2CA-440D-94FE-4B9548D02787}.Release|Any CPU.Build.0 = Release|Any CPU
		{5A315E24-40FD-403C-9A0A-28E072F2208B}.Debug|Any CPU.ActiveCfg = Debug|Any CPU
		{5A315E24-40FD-403C-9A0A-28E072F2208B}.Debug|Any CPU.Build.0 = Debug|Any CPU
		{5A315E24-40FD-403C-9A0A-28E072F2208B}.Release|Any CPU.ActiveCfg = Release|Any CPU
		{5A315E24-40FD-403C-9A0A-28E072F2208B}.Release|Any CPU.Build.0 = Release|Any CPU
	EndGlobalSection
	GlobalSection(SolutionProperties) = preSolution
		HideSolutionNode = FALSE
	EndGlobalSection
	GlobalSection(NestedProjects) = preSolution
		{C42D3DAA-AC63-44A6-8028-5F2045F7CBFA} = {681FE6B0-3CFB-41D1-B06C-DF8FDFFA04D7}
		{B596DFAF-736C-4E15-B2D9-986B4509C94E} = {C42D3DAA-AC63-44A6-8028-5F2045F7CBFA}
		{68E647D1-91C5-4FFD-B64B-C4B10DF80ED0} = {C42D3DAA-AC63-44A6-8028-5F2045F7CBFA}
		{AEE828AF-4C7D-4C68-99F0-F160E328E9FB} = {681FE6B0-3CFB-41D1-B06C-DF8FDFFA04D7}
		{D2026032-8A7D-4494-B5AE-BCB6CE805E94} = {AEE828AF-4C7D-4C68-99F0-F160E328E9FB}
		{06588617-42B1-423A-AB3B-1F0D4D81CC7B} = {AEE828AF-4C7D-4C68-99F0-F160E328E9FB}
		{8D7C7569-119B-49B8-A88E-E85691663D69} = {681FE6B0-3CFB-41D1-B06C-DF8FDFFA04D7}
		{AED790CE-EEE8-4FA9-9542-0BF608FDAA8A} = {8D7C7569-119B-49B8-A88E-E85691663D69}
		{A2B4C49C-269C-439E-B9D2-937B71EB6432} = {8D7C7569-119B-49B8-A88E-E85691663D69}
		{531C2277-8AFD-4B40-8066-EDF920BF9CCB} = {B596DFAF-736C-4E15-B2D9-986B4509C94E}
		{74DFE3B3-8DC9-4DA2-9F13-4A409E88040E} = {B596DFAF-736C-4E15-B2D9-986B4509C94E}
		{FEE3A115-6B7D-4407-809A-32C885A759CD} = {B596DFAF-736C-4E15-B2D9-986B4509C94E}
		{7E1DA58B-83A2-44B3-970C-7E38FEB82D8C} = {531C2277-8AFD-4B40-8066-EDF920BF9CCB}
		{AC9D4AA0-1BE2-4B75-8B9E-0C672C0C39D3} = {74DFE3B3-8DC9-4DA2-9F13-4A409E88040E}
		{B2E92DAA-5E4C-4DE8-B4DC-FB900C652C1C} = {74DFE3B3-8DC9-4DA2-9F13-4A409E88040E}
		{C865D799-B2CA-440D-94FE-4B9548D02787} = {FEE3A115-6B7D-4407-809A-32C885A759CD}
		{3088C972-4D16-4AE6-A3F0-483AE3F28C72} = {681FE6B0-3CFB-41D1-B06C-DF8FDFFA04D7}
		{5A315E24-40FD-403C-9A0A-28E072F2208B} = {3088C972-4D16-4AE6-A3F0-483AE3F28C72}
	EndGlobalSection
	GlobalSection(ExtensibilityGlobals) = postSolution
		SolutionGuid = {D9E5C882-3B63-4328-A13B-C3632AC7A8E1}
	EndGlobalSection
EndGlobal
